// !$*UTF8*$!
{
	archiveVersion = 1;
	classes = {
	};
	objectVersion = 50;
	objects = {

/* Begin PBXBuildFile section */
		14E348E52107BF51008FBC84 /* AppDelegate.swift in Sources */ = {isa = PBXBuildFile; fileRef = 14E348E42107BF51008FBC84 /* AppDelegate.swift */; };
		14E348E72107BF51008FBC84 /* art.scnassets in Resources */ = {isa = PBXBuildFile; fileRef = 14E348E62107BF51008FBC84 /* art.scnassets */; };
		14E348E92107BF51008FBC84 /* ViewController.swift in Sources */ = {isa = PBXBuildFile; fileRef = 14E348E82107BF51008FBC84 /* ViewController.swift */; };
		14E348EC2107BF51008FBC84 /* Main.storyboard in Resources */ = {isa = PBXBuildFile; fileRef = 14E348EA2107BF51008FBC84 /* Main.storyboard */; };
		14E348EE2107BF52008FBC84 /* Assets.xcassets in Resources */ = {isa = PBXBuildFile; fileRef = 14E348ED2107BF52008FBC84 /* Assets.xcassets */; };
		14E348F12107BF52008FBC84 /* LaunchScreen.storyboard in Resources */ = {isa = PBXBuildFile; fileRef = 14E348EF2107BF52008FBC84 /* LaunchScreen.storyboard */; };
		14E348F92107CD08008FBC84 /* newsViewController.swift in Sources */ = {isa = PBXBuildFile; fileRef = 14E348F82107CD08008FBC84 /* newsViewController.swift */; };
		14E348FB2107FD40008FBC84 /* elementViewConttroller.swift in Sources */ = {isa = PBXBuildFile; fileRef = 14E348FA2107FD40008FBC84 /* elementViewConttroller.swift */; };
		14E348FD210A9E99008FBC84 /* hollandViewController.swift in Sources */ = {isa = PBXBuildFile; fileRef = 14E348FC210A9E98008FBC84 /* hollandViewController.swift */; };
/* End PBXBuildFile section */

/* Begin PBXFileReference section */
		14E348E12107BF51008FBC84 /* Exp0900.app */ = {isa = PBXFileReference; explicitFileType = wrapper.application; includeInIndex = 0; path = Exp0900.app; sourceTree = BUILT_PRODUCTS_DIR; };
		14E348E42107BF51008FBC84 /* AppDelegate.swift */ = {isa = PBXFileReference; lastKnownFileType = sourcecode.swift; path = AppDelegate.swift; sourceTree = "<group>"; };
		14E348E62107BF51008FBC84 /* art.scnassets */ = {isa = PBXFileReference; lastKnownFileType = wrapper.scnassets; path = art.scnassets; sourceTree = "<group>"; };
		14E348E82107BF51008FBC84 /* ViewController.swift */ = {isa = PBXFileReference; lastKnownFileType = sourcecode.swift; path = ViewController.swift; sourceTree = "<group>"; };
		14E348EB2107BF51008FBC84 /* Base */ = {isa = PBXFileReference; lastKnownFileType = file.storyboard; name = Base; path = Base.lproj/Main.storyboard; sourceTree = "<group>"; };
		14E348ED2107BF52008FBC84 /* Assets.xcassets */ = {isa = PBXFileReference; lastKnownFileType = folder.assetcatalog; path = Assets.xcassets; sourceTree = "<group>"; };
		14E348F02107BF52008FBC84 /* Base */ = {isa = PBXFileReference; lastKnownFileType = file.storyboard; name = Base; path = Base.lproj/LaunchScreen.storyboard; sourceTree = "<group>"; };
		14E348F22107BF52008FBC84 /* Info.plist */ = {isa = PBXFileReference; lastKnownFileType = text.plist.xml; path = Info.plist; sourceTree = "<group>"; };
		14E348F82107CD08008FBC84 /* newsViewController.swift */ = {isa = PBXFileReference; lastKnownFileType = sourcecode.swift; path = newsViewController.swift; sourceTree = "<group>"; };
		14E348FA2107FD40008FBC84 /* elementViewConttroller.swift */ = {isa = PBXFileReference; lastKnownFileType = sourcecode.swift; path = elementViewConttroller.swift; sourceTree = "<group>"; };
		14E348FC210A9E98008FBC84 /* hollandViewController.swift */ = {isa = PBXFileReference; lastKnownFileType = sourcecode.swift; path = hollandViewController.swift; sourceTree = "<group>"; };
/* End PBXFileReference section */

/* Begin PBXFrameworksBuildPhase section */
		14E348DE2107BF51008FBC84 /* Frameworks */ = {
			isa = PBXFrameworksBuildPhase;
			buildActionMask = 2147483647;
			files = (
			);
			runOnlyForDeploymentPostprocessing = 0;
		};
/* End PBXFrameworksBuildPhase section */

/* Begin PBXGroup section */
		14E348D82107BF51008FBC84 = {
			isa = PBXGroup;
			children = (
				14E348E32107BF51008FBC84 /* Exp0900 */,
				14E348E22107BF51008FBC84 /* Products */,
			);
			sourceTree = "<group>";
		};
		14E348E22107BF51008FBC84 /* Products */ = {
			isa = PBXGroup;
			children = (
				14E348E12107BF51008FBC84 /* Exp0900.app */,
			);
			name = Products;
			sourceTree = "<group>";
		};
		14E348E32107BF51008FBC84 /* Exp0900 */ = {
			isa = PBXGroup;
			children = (
				14E348E42107BF51008FBC84 /* AppDelegate.swift */,
				14E348E62107BF51008FBC84 /* art.scnassets */,
				14E348E82107BF51008FBC84 /* ViewController.swift */,
				14E348F82107CD08008FBC84 /* newsViewController.swift */,
				14E348FA2107FD40008FBC84 /* elementViewConttroller.swift */,
				14E348FC210A9E98008FBC84 /* hollandViewController.swift */,
				14E348EA2107BF51008FBC84 /* Main.storyboard */,
				14E348ED2107BF52008FBC84 /* Assets.xcassets */,
				14E348EF2107BF52008FBC84 /* LaunchScreen.storyboard */,
				14E348F22107BF52008FBC84 /* Info.plist */,
			);
			path = Exp0900;
			sourceTree = "<group>";
		};
/* End PBXGroup section */

/* Begin PBXNativeTarget section */
		14E348E02107BF51008FBC84 /* Exp0900 */ = {
			isa = PBXNativeTarget;
			buildConfigurationList = 14E348F52107BF52008FBC84 /* Build configuration list for PBXNativeTarget "Exp0900" */;
			buildPhases = (
				14E348DD2107BF51008FBC84 /* Sources */,
				14E348DE2107BF51008FBC84 /* Frameworks */,
				14E348DF2107BF51008FBC84 /* Resources */,
			);
			buildRules = (
			);
			dependencies = (
			);
			name = Exp0900;
			productName = Exp0900;
			productReference = 14E348E12107BF51008FBC84 /* Exp0900.app */;
			productType = "com.apple.product-type.application";
		};
/* End PBXNativeTarget section */

/* Begin PBXProject section */
		14E348D92107BF51008FBC84 /* Project object */ = {
			isa = PBXProject;
			attributes = {
				LastSwiftUpdateCheck = 0940;
				LastUpgradeCheck = 0940;
				ORGANIZATIONNAME = "MLD Software";
				TargetAttributes = {
					14E348E02107BF51008FBC84 = {
						CreatedOnToolsVersion = 9.4.1;
					};
				};
			};
			buildConfigurationList = 14E348DC2107BF51008FBC84 /* Build configuration list for PBXProject "Exp0900" */;
			compatibilityVersion = "Xcode 9.3";
			developmentRegion = en;
			hasScannedForEncodings = 0;
			knownRegions = (
				en,
				Base,
			);
			mainGroup = 14E348D82107BF51008FBC84;
			productRefGroup = 14E348E22107BF51008FBC84 /* Products */;
			projectDirPath = "";
			projectRoot = "";
			targets = (
				14E348E02107BF51008FBC84 /* Exp0900 */,
			);
		};
/* End PBXProject section */

/* Begin PBXResourcesBuildPhase section */
		14E348DF2107BF51008FBC84 /* Resources */ = {
			isa = PBXResourcesBuildPhase;
			buildActionMask = 2147483647;
			files = (
				14E348E72107BF51008FBC84 /* art.scnassets in Resources */,
				14E348F12107BF52008FBC84 /* LaunchScreen.storyboard in Resources */,
				14E348EE2107BF52008FBC84 /* Assets.xcassets in Resources */,
				14E348EC2107BF51008FBC84 /* Main.storyboard in Resources */,
			);
			runOnlyForDeploymentPostprocessing = 0;
		};
/* End PBXResourcesBuildPhase section */

/* Begin PBXSourcesBuildPhase section */
		14E348DD2107BF51008FBC84 /* Sources */ = {
			isa = PBXSourcesBuildPhase;
			buildActionMask = 2147483647;
			files = (
				14E348FB2107FD40008FBC84 /* elementViewConttroller.swift in Sources */,
				14E348E92107BF51008FBC84 /* ViewController.swift in Sources */,
				14E348E52107BF51008FBC84 /* AppDelegate.swift in Sources */,
				14E348FD210A9E99008FBC84 /* hollandViewController.swift in Sources */,
				14E348F92107CD08008FBC84 /* newsViewController.swift in Sources */,
			);
			runOnlyForDeploymentPostprocessing = 0;
		};
/* End PBXSourcesBuildPhase section */

/* Begin PBXVariantGroup section */
		14E348EA2107BF51008FBC84 /* Main.storyboard */ = {
			isa = PBXVariantGroup;
			children = (
				14E348EB2107BF51008FBC84 /* Base */,
			);
			name = Main.storyboard;
			sourceTree = "<group>";
		};
		14E348EF2107BF52008FBC84 /* LaunchScreen.storyboard */ = {
			isa = PBXVariantGroup;
			children = (
				14E348F02107BF52008FBC84 /* Base */,
			);
			name = LaunchScreen.storyboard;
			sourceTree = "<group>";
		};
/* End PBXVariantGroup section */

/* Begin XCBuildConfiguration section */
		14E348F32107BF52008FBC84 /* Debug */ = {
			isa = XCBuildConfiguration;
			buildSettings = {
				ALWAYS_SEARCH_USER_PATHS = NO;
				CLANG_ANALYZER_NONNULL = YES;
				CLANG_ANALYZER_NUMBER_OBJECT_CONVERSION = YES_AGGRESSIVE;
				CLANG_CXX_LANGUAGE_STANDARD = "gnu++14";
				CLANG_CXX_LIBRARY = "libc++";
				CLANG_ENABLE_MODULES = YES;
				CLANG_ENABLE_OBJC_ARC = YES;
				CLANG_ENABLE_OBJC_WEAK = YES;
				CLANG_WARN_BLOCK_CAPTURE_AUTORELEASING = YES;
				CLANG_WARN_BOOL_CONVERSION = YES;
				CLANG_WARN_COMMA = YES;
				CLANG_WARN_CONSTANT_CONVERSION = YES;
				CLANG_WARN_DEPRECATED_OBJC_IMPLEMENTATIONS = YES;
				CLANG_WARN_DIRECT_OBJC_ISA_USAGE = YES_ERROR;
				CLANG_WARN_DOCUMENTATION_COMMENTS = YES;
				CLANG_WARN_EMPTY_BODY = YES;
				CLANG_WARN_ENUM_CONVERSION = YES;
				CLANG_WARN_INFINITE_RECURSION = YES;
				CLANG_WARN_INT_CONVERSION = YES;
				CLANG_WARN_NON_LITERAL_NULL_CONVERSION = YES;
				CLANG_WARN_OBJC_IMPLICIT_RETAIN_SELF = YES;
				CLANG_WARN_OBJC_LITERAL_CONVERSION = YES;
				CLANG_WARN_OBJC_ROOT_CLASS = YES_ERROR;
				CLANG_WARN_RANGE_LOOP_ANALYSIS = YES;
				CLANG_WARN_STRICT_PROTOTYPES = YES;
				CLANG_WARN_SUSPICIOUS_MOVE = YES;
				CLANG_WARN_UNGUARDED_AVAILABILITY = YES_AGGRESSIVE;
				CLANG_WARN_UNREACHABLE_CODE = YES;
				CLANG_WARN__DUPLICATE_METHOD_MATCH = YES;
				CODE_SIGN_IDENTITY = "iPhone Developer";
				COPY_PHASE_STRIP = NO;
				DEBUG_INFORMATION_FORMAT = dwarf;
				ENABLE_STRICT_OBJC_MSGSEND = YES;
				ENABLE_TESTABILITY = YES;
				GCC_C_LANGUAGE_STANDARD = gnu11;
				GCC_DYNAMIC_NO_PIC = NO;
				GCC_NO_COMMON_BLOCKS = YES;
				GCC_OPTIMIZATION_LEVEL = 0;
				GCC_PREPROCESSOR_DEFINITIONS = (
					"DEBUG=1",
					"$(inherited)",
				);
				GCC_WARN_64_TO_32_BIT_CONVERSION = YES;
				GCC_WARN_ABOUT_RETURN_TYPE = YES_ERROR;
				GCC_WARN_UNDECLARED_SELECTOR = YES;
				GCC_WARN_UNINITIALIZED_AUTOS = YES_AGGRESSIVE;
				GCC_WARN_UNUSED_FUNCTION = YES;
				GCC_WARN_UNUSED_VARIABLE = YES;
				IPHONEOS_DEPLOYMENT_TARGET = 11.4;
				MTL_ENABLE_DEBUG_INFO = YES;
				ONLY_ACTIVE_ARCH = YES;
				SDKROOT = iphoneos;
				SWIFT_ACTIVE_COMPILATION_CONDITIONS = DEBUG;
				SWIFT_OPTIMIZATION_LEVEL = "-Onone";
			};
			name = Debug;
		};
		14E348F42107BF52008FBC84 /* Release */ = {
			isa = XCBuildConfiguration;
			buildSettings = {
				ALWAYS_SEARCH_USER_PATHS = NO;
				CLANG_ANALYZER_NONNULL = YES;
				CLANG_ANALYZER_NUMBER_OBJECT_CONVERSION = YES_AGGRESSIVE;
				CLANG_CXX_LANGUAGE_STANDARD = "gnu++14";
				CLANG_CXX_LIBRARY = "libc++";
				CLANG_ENABLE_MODULES = YES;
				CLANG_ENABLE_OBJC_ARC = YES;
				CLANG_ENABLE_OBJC_WEAK = YES;
				CLANG_WARN_BLOCK_CAPTURE_AUTORELEASING = YES;
				CLANG_WARN_BOOL_CONVERSION = YES;
				CLANG_WARN_COMMA = YES;
				CLANG_WARN_CONSTANT_CONVERSION = YES;
				CLANG_WARN_DEPRECATED_OBJC_IMPLEMENTATIONS = YES;
				CLANG_WARN_DIRECT_OBJC_ISA_USAGE = YES_ERROR;
				CLANG_WARN_DOCUMENTATION_COMMENTS = YES;
				CLANG_WARN_EMPTY_BODY = YES;
				CLANG_WARN_ENUM_CONVERSION = YES;
				CLANG_WARN_INFINITE_RECURSION = YES;
				CLANG_WARN_INT_CONVERSION = YES;
				CLANG_WARN_NON_LITERAL_NULL_CONVERSION = YES;
				CLANG_WARN_OBJC_IMPLICIT_RETAIN_SELF = YES;
				CLANG_WARN_OBJC_LITERAL_CONVERSION = YES;
				CLANG_WARN_OBJC_ROOT_CLASS = YES_ERROR;
				CLANG_WARN_RANGE_LOOP_ANALYSIS = YES;
				CLANG_WARN_STRICT_PROTOTYPES = YES;
				CLANG_WARN_SUSPICIOUS_MOVE = YES;
				CLANG_WARN_UNGUARDED_AVAILABILITY = YES_AGGRESSIVE;
				CLANG_WARN_UNREACHABLE_CODE = YES;
				CLANG_WARN__DUPLICATE_METHOD_MATCH = YES;
				CODE_SIGN_IDENTITY = "iPhone Developer";
				COPY_PHASE_STRIP = NO;
				DEBUG_INFORMATION_FORMAT = "dwarf-with-dsym";
				ENABLE_NS_ASSERTIONS = NO;
				ENABLE_STRICT_OBJC_MSGSEND = YES;
				GCC_C_LANGUAGE_STANDARD = gnu11;
				GCC_NO_COMMON_BLOCKS = YES;
				GCC_WARN_64_TO_32_BIT_CONVERSION = YES;
				GCC_WARN_ABOUT_RETURN_TYPE = YES_ERROR;
				GCC_WARN_UNDECLARED_SELECTOR = YES;
				GCC_WARN_UNINITIALIZED_AUTOS = YES_AGGRESSIVE;
				GCC_WARN_UNUSED_FUNCTION = YES;
				GCC_WARN_UNUSED_VARIABLE = YES;
				IPHONEOS_DEPLOYMENT_TARGET = 11.4;
				MTL_ENABLE_DEBUG_INFO = NO;
				SDKROOT = iphoneos;
				SWIFT_COMPILATION_MODE = wholemodule;
				SWIFT_OPTIMIZATION_LEVEL = "-O";
				VALIDATE_PRODUCT = YES;
			};
			name = Release;
		};
		14E348F62107BF52008FBC84 /* Debug */ = {
			isa = XCBuildConfiguration;
			buildSettings = {
				ASSETCATALOG_COMPILER_APPICON_NAME = AppIcon;
				CODE_SIGN_STYLE = Automatic;
				DEVELOPMENT_TEAM = B8V79HD9T6;
				INFOPLIST_FILE = Exp0900/Info.plist;
				LD_RUNPATH_SEARCH_PATHS = (
					"$(inherited)",
					"@executable_path/Frameworks",
				);
				PRODUCT_BUNDLE_IDENTIFIER = net.mld.Exp0900;
				PRODUCT_NAME = "$(TARGET_NAME)";
				SWIFT_VERSION = 4.0;
				TARGETED_DEVICE_FAMILY = "1,2";
			};
			name = Debug;
		};
		14E348F72107BF52008FBC84 /* Release */ = {
			isa = XCBuildConfiguration;
			buildSettings = {
				ASSETCATALOG_COMPILER_APPICON_NAME = AppIcon;
				CODE_SIGN_STYLE = Automatic;
				DEVELOPMENT_TEAM = B8V79HD9T6;
				INFOPLIST_FILE = Exp0900/Info.plist;
				LD_RUNPATH_SEARCH_PATHS = (
					"$(inherited)",
					"@executable_path/Frameworks",
				);
				PRODUCT_BUNDLE_IDENTIFIER = net.mld.Exp0900;
				PRODUCT_NAME = "$(TARGET_NAME)";
				SWIFT_VERSION = 4.0;
				TARGETED_DEVICE_FAMILY = "1,2";
			};
			name = Release;
		};
/* End XCBuildConfiguration section */

/* Begin XCConfigurationList section */
		14E348DC2107BF51008FBC84 /* Build configuration list for PBXProject "Exp0900" */ = {
			isa = XCConfigurationList;
			buildConfigurations = (
				14E348F32107BF52008FBC84 /* Debug */,
				14E348F42107BF52008FBC84 /* Release */,
			);
			defaultConfigurationIsVisible = 0;
			defaultConfigurationName = Release;
		};
		14E348F52107BF52008FBC84 /* Build configuration list for PBXNativeTarget "Exp0900" */ = {
			isa = XCConfigurationList;
			buildConfigurations = (
				14E348F62107BF52008FBC84 /* Debug */,
				14E348F72107BF52008FBC84 /* Release */,
			);
			defaultConfigurationIsVisible = 0;
			defaultConfigurationName = Release;
		};
/* End XCConfigurationList section */
	};
	rootObject = 14E348D92107BF51008FBC84 /* Project object */;
}
